[[package]]
name = "asm_test"
version = "0.1.0"
dependencies = [
 "nasm-rs 0.1.1 (registry+https://github.com/rust-lang/crates.io-index)",
]

[[package]]
name = "nasm-rs"
version = "0.1.1"
source = "registry+https://github.com/rust-lang/crates.io-index"

[metadata]
"checksum nasm-rs 0.1.1 (registry+https://github.com/rust-lang/crates.io-index)" = "a37dd20d878ab1430e3b0c856262ba0d58532a2ac7f84f0214e54684f854b4fb"
